// !$*UTF8*$!
{
	archiveVersion = 1;
	classes = {
	};
	objectVersion = 55;
	objects = {

/* Begin PBXBuildFile section */
		4A75676827734E3E00487846 /* AppDelegate.swift in Sources */ = {isa = PBXBuildFile; fileRef = 4A75676727734E3E00487846 /* AppDelegate.swift */; };
		4A75676A27734E3E00487846 /* SceneDelegate.swift in Sources */ = {isa = PBXBuildFile; fileRef = 4A75676927734E3E00487846 /* SceneDelegate.swift */; };
		4A75676C27734E3E00487846 /* ViewController.swift in Sources */ = {isa = PBXBuildFile; fileRef = 4A75676B27734E3E00487846 /* ViewController.swift */; };
		4A75677127734E5000487846 /* Assets.xcassets in Resources */ = {isa = PBXBuildFile; fileRef = 4A75677027734E5000487846 /* Assets.xcassets */; };
		4A75677427734E5000487846 /* LaunchScreen.storyboard in Resources */ = {isa = PBXBuildFile; fileRef = 4A75677227734E5000487846 /* LaunchScreen.storyboard */; };
		4A75677F27734E5300487846 /* LottieDocsTests.swift in Sources */ = {isa = PBXBuildFile; fileRef = 4A75677E27734E5300487846 /* LottieDocsTests.swift */; };
/* End PBXBuildFile section */

/* Begin PBXContainerItemProxy section */
		4A75677B27734E5300487846 /* PBXContainerItemProxy */ = {
			isa = PBXContainerItemProxy;
			containerPortal = 4A75675C27734E3E00487846 /* Project object */;
			proxyType = 1;
			remoteGlobalIDString = 4A75676327734E3E00487846;
			remoteInfo = LottieDocs;
		};
/* End PBXContainerItemProxy section */

/* Begin PBXFileReference section */
		4A75676427734E3E00487846 /* LottieDocs.app */ = {isa = PBXFileReference; explicitFileType = wrapper.application; includeInIndex = 0; path = LottieDocs.app; sourceTree = BUILT_PRODUCTS_DIR; };
		4A75676727734E3E00487846 /* AppDelegate.swift */ = {isa = PBXFileReference; lastKnownFileType = sourcecode.swift; path = AppDelegate.swift; sourceTree = "<group>"; };
		4A75676927734E3E00487846 /* SceneDelegate.swift */ = {isa = PBXFileReference; lastKnownFileType = sourcecode.swift; path = SceneDelegate.swift; sourceTree = "<group>"; };
		4A75676B27734E3E00487846 /* ViewController.swift */ = {isa = PBXFileReference; lastKnownFileType = sourcecode.swift; path = ViewController.swift; sourceTree = "<group>"; };
		4A75677027734E5000487846 /* Assets.xcassets */ = {isa = PBXFileReference; lastKnownFileType = folder.assetcatalog; path = Assets.xcassets; sourceTree = "<group>"; };
		4A75677327734E5000487846 /* Base */ = {isa = PBXFileReference; lastKnownFileType = file.storyboard; name = Base; path = Base.lproj/LaunchScreen.storyboard; sourceTree = "<group>"; };
		4A75677527734E5000487846 /* Info.plist */ = {isa = PBXFileReference; lastKnownFileType = text.plist.xml; path = Info.plist; sourceTree = "<group>"; };
		4A75677A27734E5300487846 /* LottieDocsTests.xctest */ = {isa = PBXFileReference; explicitFileType = wrapper.cfbundle; includeInIndex = 0; path = LottieDocsTests.xctest; sourceTree = BUILT_PRODUCTS_DIR; };
		4A75677E27734E5300487846 /* LottieDocsTests.swift */ = {isa = PBXFileReference; lastKnownFileType = sourcecode.swift; path = LottieDocsTests.swift; sourceTree = "<group>"; };
/* End PBXFileReference section */

/* Begin PBXFrameworksBuildPhase section */
		4A75676127734E3E00487846 /* Frameworks */ = {
			isa = PBXFrameworksBuildPhase;
			buildActionMask = 2147483647;
			files = (
			);
			runOnlyForDeploymentPostprocessing = 0;
		};
		4A75677727734E5300487846 /* Frameworks */ = {
			isa = PBXFrameworksBuildPhase;
			buildActionMask = 2147483647;
			files = (
			);
			runOnlyForDeploymentPostprocessing = 0;
		};
/* End PBXFrameworksBuildPhase section */

/* Begin PBXGroup section */
		4A75675B27734E3E00487846 = {
			isa = PBXGroup;
			children = (
				4A75676627734E3E00487846 /* LottieDocs */,
				4A75677D27734E5300487846 /* LottieDocsTests */,
				4A75676527734E3E00487846 /* Products */,
			);
			sourceTree = "<group>";
		};
		4A75676527734E3E00487846 /* Products */ = {
			isa = PBXGroup;
			children = (
				4A75676427734E3E00487846 /* LottieDocs.app */,
				4A75677A27734E5300487846 /* LottieDocsTests.xctest */,
			);
			name = Products;
			sourceTree = "<group>";
		};
		4A75676627734E3E00487846 /* LottieDocs */ = {
			isa = PBXGroup;
			children = (
				4A75679A27737C0700487846 /* Scenes */,
				4A75679927737BEA00487846 /* Supporting Files */,
				4A75679727737BC600487846 /* Resources */,
			);
			path = LottieDocs;
			sourceTree = "<group>";
		};
		4A75677D27734E5300487846 /* LottieDocsTests */ = {
			isa = PBXGroup;
			children = (
				4A75677E27734E5300487846 /* LottieDocsTests.swift */,
			);
			path = LottieDocsTests;
			sourceTree = "<group>";
		};
		4A75679727737BC600487846 /* Resources */ = {
			isa = PBXGroup;
			children = (
				4A75677027734E5000487846 /* Assets.xcassets */,
			);
			path = Resources;
			sourceTree = "<group>";
		};
		4A75679927737BEA00487846 /* Supporting Files */ = {
			isa = PBXGroup;
			children = (
				4A75677527734E5000487846 /* Info.plist */,
				4A75676727734E3E00487846 /* AppDelegate.swift */,
				4A75676927734E3E00487846 /* SceneDelegate.swift */,
				4A75677227734E5000487846 /* LaunchScreen.storyboard */,
			);
			name = "Supporting Files";
			sourceTree = "<group>";
		};
		4A75679A27737C0700487846 /* Scenes */ = {
			isa = PBXGroup;
			children = (
				4A75679B27737C1300487846 /* Main */,
			);
			path = Scenes;
			sourceTree = "<group>";
		};
		4A75679B27737C1300487846 /* Main */ = {
			isa = PBXGroup;
			children = (
				4A75676B27734E3E00487846 /* ViewController.swift */,
			);
			path = Main;
			sourceTree = "<group>";
		};
/* End PBXGroup section */

/* Begin PBXNativeTarget section */
		4A75676327734E3E00487846 /* LottieDocs */ = {
			isa = PBXNativeTarget;
			buildConfigurationList = 4A75678E27734E5300487846 /* Build configuration list for PBXNativeTarget "LottieDocs" */;
			buildPhases = (
				4A75676027734E3E00487846 /* Sources */,
				4A75676127734E3E00487846 /* Frameworks */,
				4A75676227734E3E00487846 /* Resources */,
			);
			buildRules = (
			);
			dependencies = (
			);
			name = LottieDocs;
			productName = LottieDocs;
			productReference = 4A75676427734E3E00487846 /* LottieDocs.app */;
			productType = "com.apple.product-type.application";
		};
		4A75677927734E5300487846 /* LottieDocsTests */ = {
			isa = PBXNativeTarget;
			buildConfigurationList = 4A75679127734E5300487846 /* Build configuration list for PBXNativeTarget "LottieDocsTests" */;
			buildPhases = (
				4A75677627734E5300487846 /* Sources */,
				4A75677727734E5300487846 /* Frameworks */,
				4A75677827734E5300487846 /* Resources */,
			);
			buildRules = (
			);
			dependencies = (
				4A75677C27734E5300487846 /* PBXTargetDependency */,
			);
			name = LottieDocsTests;
			productName = LottieDocsTests;
			productReference = 4A75677A27734E5300487846 /* LottieDocsTests.xctest */;
			productType = "com.apple.product-type.bundle.unit-test";
		};
/* End PBXNativeTarget section */

/* Begin PBXProject section */
		4A75675C27734E3E00487846 /* Project object */ = {
			isa = PBXProject;
			attributes = {
				BuildIndependentTargetsInParallel = 1;
				LastSwiftUpdateCheck = 1320;
				LastUpgradeCheck = 1320;
				TargetAttributes = {
					4A75676327734E3E00487846 = {
						CreatedOnToolsVersion = 13.2.1;
					};
					4A75677927734E5300487846 = {
						CreatedOnToolsVersion = 13.2.1;
						TestTargetID = 4A75676327734E3E00487846;
					};
				};
			};
			buildConfigurationList = 4A75675F27734E3E00487846 /* Build configuration list for PBXProject "LottieDocs" */;
			compatibilityVersion = "Xcode 13.0";
			developmentRegion = en;
			hasScannedForEncodings = 0;
			knownRegions = (
				en,
				Base,
			);
			mainGroup = 4A75675B27734E3E00487846;
			productRefGroup = 4A75676527734E3E00487846 /* Products */;
			projectDirPath = "";
			projectRoot = "";
			targets = (
				4A75676327734E3E00487846 /* LottieDocs */,
				4A75677927734E5300487846 /* LottieDocsTests */,
			);
		};
/* End PBXProject section */

/* Begin PBXResourcesBuildPhase section */
		4A75676227734E3E00487846 /* Resources */ = {
			isa = PBXResourcesBuildPhase;
			buildActionMask = 2147483647;
			files = (
				4A75677427734E5000487846 /* LaunchScreen.storyboard in Resources */,
				4A75677127734E5000487846 /* Assets.xcassets in Resources */,
			);
			runOnlyForDeploymentPostprocessing = 0;
		};
		4A75677827734E5300487846 /* Resources */ = {
			isa = PBXResourcesBuildPhase;
			buildActionMask = 2147483647;
			files = (
			);
			runOnlyForDeploymentPostprocessing = 0;
		};
/* End PBXResourcesBuildPhase section */

/* Begin PBXSourcesBuildPhase section */
		4A75676027734E3E00487846 /* Sources */ = {
			isa = PBXSourcesBuildPhase;
			buildActionMask = 2147483647;
			files = (
				4A75676C27734E3E00487846 /* ViewController.swift in Sources */,
				4A75676827734E3E00487846 /* AppDelegate.swift in Sources */,
				4A75676A27734E3E00487846 /* SceneDelegate.swift in Sources */,
			);
			runOnlyForDeploymentPostprocessing = 0;
		};
		4A75677627734E5300487846 /* Sources */ = {
			isa = PBXSourcesBuildPhase;
			buildActionMask = 2147483647;
			files = (
				4A75677F27734E5300487846 /* LottieDocsTests.swift in Sources */,
			);
			runOnlyForDeploymentPostprocessing = 0;
		};
/* End PBXSourcesBuildPhase section */

/* Begin PBXTargetDependency section */
		4A75677C27734E5300487846 /* PBXTargetDependency */ = {
			isa = PBXTargetDependency;
			target = 4A75676327734E3E00487846 /* LottieDocs */;
			targetProxy = 4A75677B27734E5300487846 /* PBXContainerItemProxy */;
		};
/* End PBXTargetDependency section */

/* Begin PBXVariantGroup section */
		4A75677227734E5000487846 /* LaunchScreen.storyboard */ = {
			isa = PBXVariantGroup;
			children = (
				4A75677327734E5000487846 /* Base */,
			);
			name = LaunchScreen.storyboard;
			sourceTree = "<group>";
		};
/* End PBXVariantGroup section */

/* Begin XCBuildConfiguration section */
		4A75678C27734E5300487846 /* Debug */ = {
			isa = XCBuildConfiguration;
			buildSettings = {
				ALWAYS_SEARCH_USER_PATHS = NO;
				CLANG_ANALYZER_NONNULL = YES;
				CLANG_ANALYZER_NUMBER_OBJECT_CONVERSION = YES_AGGRESSIVE;
				CLANG_CXX_LANGUAGE_STANDARD = "gnu++17";
				CLANG_CXX_LIBRARY = "libc++";
				CLANG_ENABLE_MODULES = YES;
				CLANG_ENABLE_OBJC_ARC = YES;
				CLANG_ENABLE_OBJC_WEAK = YES;
				CLANG_WARN_BLOCK_CAPTURE_AUTORELEASING = YES;
				CLANG_WARN_BOOL_CONVERSION = YES;
				CLANG_WARN_COMMA = YES;
				CLANG_WARN_CONSTANT_CONVERSION = YES;
				CLANG_WARN_DEPRECATED_OBJC_IMPLEMENTATIONS = YES;
				CLANG_WARN_DIRECT_OBJC_ISA_USAGE = YES_ERROR;
				CLANG_WARN_DOCUMENTATION_COMMENTS = YES;
				CLANG_WARN_EMPTY_BODY = YES;
				CLANG_WARN_ENUM_CONVERSION = YES;
				CLANG_WARN_INFINITE_RECURSION = YES;
				CLANG_WARN_INT_CONVERSION = YES;
				CLANG_WARN_NON_LITERAL_NULL_CONVERSION = YES;
				CLANG_WARN_OBJC_IMPLICIT_RETAIN_SELF = YES;
				CLANG_WARN_OBJC_LITERAL_CONVERSION = YES;
				CLANG_WARN_OBJC_ROOT_CLASS = YES_ERROR;
				CLANG_WARN_QUOTED_INCLUDE_IN_FRAMEWORK_HEADER = YES;
				CLANG_WARN_RANGE_LOOP_ANALYSIS = YES;
				CLANG_WARN_STRICT_PROTOTYPES = YES;
				CLANG_WARN_SUSPICIOUS_MOVE = YES;
				CLANG_WARN_UNGUARDED_AVAILABILITY = YES_AGGRESSIVE;
				CLANG_WARN_UNREACHABLE_CODE = YES;
				CLANG_WARN__DUPLICATE_METHOD_MATCH = YES;
				COPY_PHASE_STRIP = NO;
				DEBUG_INFORMATION_FORMAT = dwarf;
				ENABLE_STRICT_OBJC_MSGSEND = YES;
				ENABLE_TESTABILITY = YES;
				GCC_C_LANGUAGE_STANDARD = gnu11;
				GCC_DYNAMIC_NO_PIC = NO;
				GCC_NO_COMMON_BLOCKS = YES;
				GCC_OPTIMIZATION_LEVEL = 0;
				GCC_PREPROCESSOR_DEFINITIONS = (
					"DEBUG=1",
					"$(inherited)",
				);
				GCC_WARN_64_TO_32_BIT_CONVERSION = YES;
				GCC_WARN_ABOUT_RETURN_TYPE = YES_ERROR;
				GCC_WARN_UNDECLARED_SELECTOR = YES;
				GCC_WARN_UNINITIALIZED_AUTOS = YES_AGGRESSIVE;
				GCC_WARN_UNUSED_FUNCTION = YES;
				GCC_WARN_UNUSED_VARIABLE = YES;
				IPHONEOS_DEPLOYMENT_TARGET = 9.0;
				MTL_ENABLE_DEBUG_INFO = INCLUDE_SOURCE;
				MTL_FAST_MATH = YES;
				ONLY_ACTIVE_ARCH = YES;
				SDKROOT = iphoneos;
				SWIFT_ACTIVE_COMPILATION_CONDITIONS = DEBUG;
				SWIFT_OPTIMIZATION_LEVEL = "-Onone";
			};
			name = Debug;
		};
		4A75678D27734E5300487846 /* Release */ = {
			isa = XCBuildConfiguration;
			buildSettings = {
				ALWAYS_SEARCH_USER_PATHS = NO;
				CLANG_ANALYZER_NONNULL = YES;
				CLANG_ANALYZER_NUMBER_OBJECT_CONVERSION = YES_AGGRESSIVE;
				CLANG_CXX_LANGUAGE_STANDARD = "gnu++17";
				CLANG_CXX_LIBRARY = "libc++";
				CLANG_ENABLE_MODULES = YES;
				CLANG_ENABLE_OBJC_ARC = YES;
				CLANG_ENABLE_OBJC_WEAK = YES;
				CLANG_WARN_BLOCK_CAPTURE_AUTORELEASING = YES;
				CLANG_WARN_BOOL_CONVERSION = YES;
				CLANG_WARN_COMMA = YES;
				CLANG_WARN_CONSTANT_CONVERSION = YES;
				CLANG_WARN_DEPRECATED_OBJC_IMPLEMENTATIONS = YES;
				CLANG_WARN_DIRECT_OBJC_ISA_USAGE = YES_ERROR;
				CLANG_WARN_DOCUMENTATION_COMMENTS = YES;
				CLANG_WARN_EMPTY_BODY = YES;
				CLANG_WARN_ENUM_CONVERSION = YES;
				CLANG_WARN_INFINITE_RECURSION = YES;
				CLANG_WARN_INT_CONVERSION = YES;
				CLANG_WARN_NON_LITERAL_NULL_CONVERSION = YES;
				CLANG_WARN_OBJC_IMPLICIT_RETAIN_SELF = YES;
				CLANG_WARN_OBJC_LITERAL_CONVERSION = YES;
				CLANG_WARN_OBJC_ROOT_CLASS = YES_ERROR;
				CLANG_WARN_QUOTED_INCLUDE_IN_FRAMEWORK_HEADER = YES;
				CLANG_WARN_RANGE_LOOP_ANALYSIS = YES;
				CLANG_WARN_STRICT_PROTOTYPES = YES;
				CLANG_WARN_SUSPICIOUS_MOVE = YES;
				CLANG_WARN_UNGUARDED_AVAILABILITY = YES_AGGRESSIVE;
				CLANG_WARN_UNREACHABLE_CODE = YES;
				CLANG_WARN__DUPLICATE_METHOD_MATCH = YES;
				COPY_PHASE_STRIP = NO;
				DEBUG_INFORMATION_FORMAT = "dwarf-with-dsym";
				ENABLE_NS_ASSERTIONS = NO;
				ENABLE_STRICT_OBJC_MSGSEND = YES;
				GCC_C_LANGUAGE_STANDARD = gnu11;
				GCC_NO_COMMON_BLOCKS = YES;
				GCC_WARN_64_TO_32_BIT_CONVERSION = YES;
				GCC_WARN_ABOUT_RETURN_TYPE = YES_ERROR;
				GCC_WARN_UNDECLARED_SELECTOR = YES;
				GCC_WARN_UNINITIALIZED_AUTOS = YES_AGGRESSIVE;
				GCC_WARN_UNUSED_FUNCTION = YES;
				GCC_WARN_UNUSED_VARIABLE = YES;
				IPHONEOS_DEPLOYMENT_TARGET = 9.0;
				MTL_ENABLE_DEBUG_INFO = NO;
				MTL_FAST_MATH = YES;
				SDKROOT = iphoneos;
				SWIFT_COMPILATION_MODE = wholemodule;
				SWIFT_OPTIMIZATION_LEVEL = "-O";
				VALIDATE_PRODUCT = YES;
			};
			name = Release;
		};
		4A75678F27734E5300487846 /* Debug */ = {
			isa = XCBuildConfiguration;
			buildSettings = {
				ASSETCATALOG_COMPILER_APPICON_NAME = AppIcon;
				ASSETCATALOG_COMPILER_GLOBAL_ACCENT_COLOR_NAME = AccentColor;
				CODE_SIGN_STYLE = Automatic;
				CURRENT_PROJECT_VERSION = 1;
				DEVELOPMENT_TEAM = 5UACY4V6X4;
				GENERATE_INFOPLIST_FILE = YES;
				INFOPLIST_FILE = LottieDocs/Info.plist;
				INFOPLIST_KEY_UIApplicationSupportsIndirectInputEvents = YES;
				INFOPLIST_KEY_UILaunchStoryboardName = LaunchScreen;
				INFOPLIST_KEY_UISupportedInterfaceOrientations = UIInterfaceOrientationPortrait;
				LD_RUNPATH_SEARCH_PATHS = (
					"$(inherited)",
					"@executable_path/Frameworks",
				);
				MARKETING_VERSION = 1.0;
				PRODUCT_BUNDLE_IDENTIFIER = com.lottiefiles.LottieDocs;
				PRODUCT_NAME = "$(TARGET_NAME)";
				SWIFT_EMIT_LOC_STRINGS = YES;
				SWIFT_VERSION = 5.0;
				TARGETED_DEVICE_FAMILY = 1;
			};
			name = Debug;
		};
		4A75679027734E5300487846 /* Release */ = {
			isa = XCBuildConfiguration;
			buildSettings = {
				ASSETCATALOG_COMPILER_APPICON_NAME = AppIcon;
				ASSETCATALOG_COMPILER_GLOBAL_ACCENT_COLOR_NAME = AccentColor;
				CODE_SIGN_STYLE = Automatic;
				CURRENT_PROJECT_VERSION = 1;
				DEVELOPMENT_TEAM = 5UACY4V6X4;
				GENERATE_INFOPLIST_FILE = YES;
				INFOPLIST_FILE = LottieDocs/Info.plist;
				INFOPLIST_KEY_UIApplicationSupportsIndirectInputEvents = YES;
				INFOPLIST_KEY_UILaunchStoryboardName = LaunchScreen;
				INFOPLIST_KEY_UISupportedInterfaceOrientations = UIInterfaceOrientationPortrait;
				LD_RUNPATH_SEARCH_PATHS = (
					"$(inherited)",
					"@executable_path/Frameworks",
				);
				MARKETING_VERSION = 1.0;
				PRODUCT_BUNDLE_IDENTIFIER = com.lottiefiles.LottieDocs;
				PRODUCT_NAME = "$(TARGET_NAME)";
				SWIFT_EMIT_LOC_STRINGS = YES;
				SWIFT_VERSION = 5.0;
				TARGETED_DEVICE_FAMILY = 1;
			};
			name = Release;
		};
		4A75679227734E5300487846 /* Debug */ = {
			isa = XCBuildConfiguration;
			buildSettings = {
				ALWAYS_EMBED_SWIFT_STANDARD_LIBRARIES = YES;
				BUNDLE_LOADER = "$(TEST_HOST)";
				CODE_SIGN_STYLE = Automatic;
				CURRENT_PROJECT_VERSION = 1;
				DEVELOPMENT_TEAM = 5UACY4V6X4;
				GENERATE_INFOPLIST_FILE = YES;
				IPHONEOS_DEPLOYMENT_TARGET = 15.2;
				MARKETING_VERSION = 1.0;
				PRODUCT_BUNDLE_IDENTIFIER = com.lottiefiles.LottieDocsTests;
				PRODUCT_NAME = "$(TARGET_NAME)";
				SWIFT_EMIT_LOC_STRINGS = NO;
				SWIFT_VERSION = 5.0;
				TARGETED_DEVICE_FAMILY = "1,2";
				TEST_HOST = "$(BUILT_PRODUCTS_DIR)/LottieDocs.app/LottieDocs";
			};
			name = Debug;
		};
		4A75679327734E5300487846 /* Release */ = {
			isa = XCBuildConfiguration;
			buildSettings = {
				ALWAYS_EMBED_SWIFT_STANDARD_LIBRARIES = YES;
				BUNDLE_LOADER = "$(TEST_HOST)";
				CODE_SIGN_STYLE = Automatic;
				CURRENT_PROJECT_VERSION = 1;
				DEVELOPMENT_TEAM = 5UACY4V6X4;
				GENERATE_INFOPLIST_FILE = YES;
				IPHONEOS_DEPLOYMENT_TARGET = 15.2;
				MARKETING_VERSION = 1.0;
				PRODUCT_BUNDLE_IDENTIFIER = com.lottiefiles.LottieDocsTests;
				PRODUCT_NAME = "$(TARGET_NAME)";
				SWIFT_EMIT_LOC_STRINGS = NO;
				SWIFT_VERSION = 5.0;
				TARGETED_DEVICE_FAMILY = "1,2";
				TEST_HOST = "$(BUILT_PRODUCTS_DIR)/LottieDocs.app/LottieDocs";
			};
			name = Release;
		};
/* End XCBuildConfiguration section */

/* Begin XCConfigurationList section */
		4A75675F27734E3E00487846 /* Build configuration list for PBXProject "LottieDocs" */ = {
			isa = XCConfigurationList;
			buildConfigurations = (
				4A75678C27734E5300487846 /* Debug */,
				4A75678D27734E5300487846 /* Release */,
			);
			defaultConfigurationIsVisible = 0;
			defaultConfigurationName = Release;
		};
		4A75678E27734E5300487846 /* Build configuration list for PBXNativeTarget "LottieDocs" */ = {
			isa = XCConfigurationList;
			buildConfigurations = (
				4A75678F27734E5300487846 /* Debug */,
				4A75679027734E5300487846 /* Release */,
			);
			defaultConfigurationIsVisible = 0;
			defaultConfigurationName = Release;
		};
		4A75679127734E5300487846 /* Build configuration list for PBXNativeTarget "LottieDocsTests" */ = {
			isa = XCConfigurationList;
			buildConfigurations = (
				4A75679227734E5300487846 /* Debug */,
				4A75679327734E5300487846 /* Release */,
			);
			defaultConfigurationIsVisible = 0;
			defaultConfigurationName = Release;
		};
/* End XCConfigurationList section */
	};
	rootObject = 4A75675C27734E3E00487846 /* Project object */;
}
